
Microsoft Visual Studio Solution File, Format Version 12.00
# Visual Studio Version 17
VisualStudioVersion = 17.7.34031.279
MinimumVisualStudioVersion = 10.0.40219.1
Project("{9A19103F-16F7-4668-BE54-9A1E7A4F7556}") = "Task.API", "Task.API\Task.API.csproj", "{1B4FE8C2-4F16-4DFB-84DB-8FB564306C7C}"
EndProject
Project("{FAE04EC0-301F-11D3-BF4B-00C04F79EFBC}") = "Task.Application", "Task.Application\Task.Application.csproj", "{654C4825-75E7-4746-BBA4-CFC6F33EDD98}"
EndProject
Project("{FAE04EC0-301F-11D3-BF4B-00C04F79EFBC}") = "Task.Domain", "Task.Domain\Task.Domain.csproj", "{6AADCA2A-7D5B-4F8A-A61C-1C55B62EEFFD}"
EndProject
Project("{FAE04EC0-301F-11D3-BF4B-00C04F79EFBC}") = "Task.Infrastructure", "Task.Infrastructure\Task.Infrastructure.csproj", "{0FC992F0-3EEF-46A5-A69A-B2AFF42D932C}"
EndProject
Project("{FAE04EC0-301F-11D3-BF4B-00C04F79EFBC}") = "Task.IoC", "Task.IoC\Task.IoC.csproj", "{69FBB74D-F41B-4DD5-9E2B-7778718AACB8}"
EndProject
Global
	GlobalSection(SolutionConfigurationPlatforms) = preSolution
		Debug|Any CPU = Debug|Any CPU
		Release|Any CPU = Release|Any CPU
	EndGlobalSection
	GlobalSection(ProjectConfigurationPlatforms) = postSolution
		{1B4FE8C2-4F16-4DFB-84DB-8FB564306C7C}.Debug|Any CPU.ActiveCfg = Debug|Any CPU
		{1B4FE8C2-4F16-4DFB-84DB-8FB564306C7C}.Debug|Any CPU.Build.0 = Debug|Any CPU
		{1B4FE8C2-4F16-4DFB-84DB-8FB564306C7C}.Release|Any CPU.ActiveCfg = Release|Any CPU
		{1B4FE8C2-4F16-4DFB-84DB-8FB564306C7C}.Release|Any CPU.Build.0 = Release|Any CPU
		{654C4825-75E7-4746-BBA4-CFC6F33EDD98}.Debug|Any CPU.ActiveCfg = Debug|Any CPU
		{654C4825-75E7-4746-BBA4-CFC6F33EDD98}.Debug|Any CPU.Build.0 = Debug|Any CPU
		{654C4825-75E7-4746-BBA4-CFC6F33EDD98}.Release|Any CPU.ActiveCfg = Release|Any CPU
		{654C4825-75E7-4746-BBA4-CFC6F33EDD98}.Release|Any CPU.Build.0 = Release|Any CPU
		{6AADCA2A-7D5B-4F8A-A61C-1C55B62EEFFD}.Debug|Any CPU.ActiveCfg = Debug|Any CPU
		{6AADCA2A-7D5B-4F8A-A61C-1C55B62EEFFD}.Debug|Any CPU.Build.0 = Debug|Any CPU
		{6AADCA2A-7D5B-4F8A-A61C-1C55B62EEFFD}.Release|Any CPU.ActiveCfg = Release|Any CPU
		{6AADCA2A-7D5B-4F8A-A61C-1C55B62EEFFD}.Release|Any CPU.Build.0 = Release|Any CPU
		{0FC992F0-3EEF-46A5-A69A-B2AFF42D932C}.Debug|Any CPU.ActiveCfg = Debug|Any CPU
		{0FC992F0-3EEF-46A5-A69A-B2AFF42D932C}.Debug|Any CPU.Build.0 = Debug|Any CPU
		{0FC992F0-3EEF-46A5-A69A-B2AFF42D932C}.Release|Any CPU.ActiveCfg = Release|Any CPU
		{0FC992F0-3EEF-46A5-A69A-B2AFF42D932C}.Release|Any CPU.Build.0 = Release|Any CPU
		{69FBB74D-F41B-4DD5-9E2B-7778718AACB8}.Debug|Any CPU.ActiveCfg = Debug|Any CPU
		{69FBB74D-F41B-4DD5-9E2B-7778718AACB8}.Debug|Any CPU.Build.0 = Debug|Any CPU
		{69FBB74D-F41B-4DD5-9E2B-7778718AACB8}.Release|Any CPU.ActiveCfg = Release|Any CPU
		{69FBB74D-F41B-4DD5-9E2B-7778718AACB8}.Release|Any CPU.Build.0 = Release|Any CPU
	EndGlobalSection
	GlobalSection(SolutionProperties) = preSolution
		HideSolutionNode = FALSE
	EndGlobalSection
	GlobalSection(ExtensibilityGlobals) = postSolution
		SolutionGuid = {454B44FC-3CAE-4E29-ACFE-B9B612956301}
	EndGlobalSection
EndGlobal
